// !$*UTF8*$!
{
	archiveVersion = 1;
	classes = {
	};
	objectVersion = 56;
	objects = {

/* Begin PBXBuildFile section */
		554EC6382C90C1F1007B2180 /* HomeViewModelTests.swift in Sources */ = {isa = PBXBuildFile; fileRef = 554EC6372C90C1F1007B2180 /* HomeViewModelTests.swift */; };
		554EC63B2C90C302007B2180 /* UseCasesMocks.swift in Sources */ = {isa = PBXBuildFile; fileRef = 554EC63A2C90C302007B2180 /* UseCasesMocks.swift */; };
		556D914D2C8FB81700D787E5 /* HomeViewBuilder.swift in Sources */ = {isa = PBXBuildFile; fileRef = 556D914C2C8FB81700D787E5 /* HomeViewBuilder.swift */; };
		556D914F2C908AAF00D787E5 /* HomeViewConstans.swift in Sources */ = {isa = PBXBuildFile; fileRef = 556D914E2C908AAF00D787E5 /* HomeViewConstans.swift */; };
		556D91512C908D9200D787E5 /* MediaDetailsViewConstants.swift in Sources */ = {isa = PBXBuildFile; fileRef = 556D91502C908D9200D787E5 /* MediaDetailsViewConstants.swift */; };
		55822B2D2C99EDA200CC1651 /* instaflix.xcdatamodeld in Sources */ = {isa = PBXBuildFile; fileRef = 55822B2B2C99EDA200CC1651 /* instaflix.xcdatamodeld */; };
		55C656212C8B6EEC0070FBCB /* instaflixApp.swift in Sources */ = {isa = PBXBuildFile; fileRef = 55C656202C8B6EEC0070FBCB /* instaflixApp.swift */; };
		55C656232C8B6EEC0070FBCB /* ContentView.swift in Sources */ = {isa = PBXBuildFile; fileRef = 55C656222C8B6EEC0070FBCB /* ContentView.swift */; };
		55C656252C8B6EEF0070FBCB /* Assets.xcassets in Resources */ = {isa = PBXBuildFile; fileRef = 55C656242C8B6EEF0070FBCB /* Assets.xcassets */; };
		55C656282C8B6EEF0070FBCB /* Preview Assets.xcassets in Resources */ = {isa = PBXBuildFile; fileRef = 55C656272C8B6EEF0070FBCB /* Preview Assets.xcassets */; };
		55C656322C8B6EF00070FBCB /* instaflixTests.swift in Sources */ = {isa = PBXBuildFile; fileRef = 55C656312C8B6EF00070FBCB /* instaflixTests.swift */; };
		55C6563C2C8B6EF00070FBCB /* instaflixUITests.swift in Sources */ = {isa = PBXBuildFile; fileRef = 55C6563B2C8B6EF00070FBCB /* instaflixUITests.swift */; };
		55C6563E2C8B6EF00070FBCB /* instaflixUITestsLaunchTests.swift in Sources */ = {isa = PBXBuildFile; fileRef = 55C6563D2C8B6EF00070FBCB /* instaflixUITestsLaunchTests.swift */; };
		55C656502C8B75590070FBCB /* InfoPropertyList.swift in Sources */ = {isa = PBXBuildFile; fileRef = 55C6564F2C8B75590070FBCB /* InfoPropertyList.swift */; };
		55C656532C8BB7680070FBCB /* TabWithIconOption.swift in Sources */ = {isa = PBXBuildFile; fileRef = 55C656522C8BB7680070FBCB /* TabWithIconOption.swift */; };
		55C6565A2C8BBAEB0070FBCB /* HomeView.swift in Sources */ = {isa = PBXBuildFile; fileRef = 55C656592C8BBAEB0070FBCB /* HomeView.swift */; };
		55C6565C2C8BD94D0070FBCB /* HomeViewModel.swift in Sources */ = {isa = PBXBuildFile; fileRef = 55C6565B2C8BD94D0070FBCB /* HomeViewModel.swift */; };
		55C6565F2C8BD9F90070FBCB /* FindGenreUseCase.swift in Sources */ = {isa = PBXBuildFile; fileRef = 55C6565E2C8BD9F90070FBCB /* FindGenreUseCase.swift */; };
		55C656612C8BDB5B0070FBCB /* MoviesRepository.swift in Sources */ = {isa = PBXBuildFile; fileRef = 55C656602C8BDB5B0070FBCB /* MoviesRepository.swift */; };
		55C656642C8CF1B20070FBCB /* Alamofire in Frameworks */ = {isa = PBXBuildFile; productRef = 55C656632C8CF1B20070FBCB /* Alamofire */; };
		55C656692C8CF1F50070FBCB /* AlamofireImage in Frameworks */ = {isa = PBXBuildFile; productRef = 55C656682C8CF1F50070FBCB /* AlamofireImage */; };
		55C6566B2C8CFA0F0070FBCB /* Services.swift in Sources */ = {isa = PBXBuildFile; fileRef = 55C6566A2C8CFA0F0070FBCB /* Services.swift */; };
		55C6566D2C8D14FB0070FBCB /* NetworkError.swift in Sources */ = {isa = PBXBuildFile; fileRef = 55C6566C2C8D14FB0070FBCB /* NetworkError.swift */; };
		55C6566F2C8D22B50070FBCB /* MediaEndpoint.swift in Sources */ = {isa = PBXBuildFile; fileRef = 55C6566E2C8D22B50070FBCB /* MediaEndpoint.swift */; };
		55C656712C8D25370070FBCB /* Config.swift in Sources */ = {isa = PBXBuildFile; fileRef = 55C656702C8D25370070FBCB /* Config.swift */; };
		55C656742C8D29260070FBCB /* Media.swift in Sources */ = {isa = PBXBuildFile; fileRef = 55C656732C8D29260070FBCB /* Media.swift */; };
		55C656762C8D294F0070FBCB /* GenreListDTO.swift in Sources */ = {isa = PBXBuildFile; fileRef = 55C656752C8D294F0070FBCB /* GenreListDTO.swift */; };
		55C656782C8D31D30070FBCB /* Encodable+Extensions.swift in Sources */ = {isa = PBXBuildFile; fileRef = 55C656772C8D31D30070FBCB /* Encodable+Extensions.swift */; };
		55C6567A2C8D33FA0070FBCB /* MediaWithGenreParam.swift in Sources */ = {isa = PBXBuildFile; fileRef = 55C656792C8D33FA0070FBCB /* MediaWithGenreParam.swift */; };
		55C6567C2C8D41D70070FBCB /* MovieDTO.swift in Sources */ = {isa = PBXBuildFile; fileRef = 55C6567B2C8D41D70070FBCB /* MovieDTO.swift */; };
		55C6567E2C8D45A80070FBCB /* Mapper.swift in Sources */ = {isa = PBXBuildFile; fileRef = 55C6567D2C8D45A80070FBCB /* Mapper.swift */; };
		55C656802C8D45D70070FBCB /* MovieDomainMapper.swift in Sources */ = {isa = PBXBuildFile; fileRef = 55C6567F2C8D45D70070FBCB /* MovieDomainMapper.swift */; };
		55C656832C8DEF980070FBCB /* EndpointBase.swift in Sources */ = {isa = PBXBuildFile; fileRef = 55C656822C8DEF980070FBCB /* EndpointBase.swift */; };
		55C656852C8DEFC80070FBCB /* TokenInterceptor.swift in Sources */ = {isa = PBXBuildFile; fileRef = 55C656842C8DEFC80070FBCB /* TokenInterceptor.swift */; };
		55C656872C8DF0250070FBCB /* AuthenticationCredential.swift in Sources */ = {isa = PBXBuildFile; fileRef = 55C656862C8DF0250070FBCB /* AuthenticationCredential.swift */; };
		55C656892C8DF0AA0070FBCB /* ServicesProcol.swift in Sources */ = {isa = PBXBuildFile; fileRef = 55C656882C8DF0AA0070FBCB /* ServicesProcol.swift */; };
		55C6568C2C8DF3B10070FBCB /* MediaRepositoryMock.swift in Sources */ = {isa = PBXBuildFile; fileRef = 55C6568B2C8DF3B10070FBCB /* MediaRepositoryMock.swift */; };
		55C656902C8DF7880070FBCB /* MoviesRestRepository.swift in Sources */ = {isa = PBXBuildFile; fileRef = 55C6568F2C8DF7880070FBCB /* MoviesRestRepository.swift */; };
		55C656932C8E04F80070FBCB /* CacheAsyncImage.swift in Sources */ = {isa = PBXBuildFile; fileRef = 55C656922C8E04F80070FBCB /* CacheAsyncImage.swift */; };
		55C656952C8E25DA0070FBCB /* SeriesRestRepository.swift in Sources */ = {isa = PBXBuildFile; fileRef = 55C656942C8E25DA0070FBCB /* SeriesRestRepository.swift */; };
		55C656972C8E2F6B0070FBCB /* SerieDTO.swift in Sources */ = {isa = PBXBuildFile; fileRef = 55C656962C8E2F6B0070FBCB /* SerieDTO.swift */; };
		55C656992C8E300D0070FBCB /* SerieDomainMapper.swift in Sources */ = {isa = PBXBuildFile; fileRef = 55C656982C8E300D0070FBCB /* SerieDomainMapper.swift */; };
		55C6569B2C8E3AF10070FBCB /* FindByFilterContentUseCase.swift in Sources */ = {isa = PBXBuildFile; fileRef = 55C6569A2C8E3AF10070FBCB /* FindByFilterContentUseCase.swift */; };
		55C6569D2C8E3C9A0070FBCB /* MediaByCategoryParam.swift in Sources */ = {isa = PBXBuildFile; fileRef = 55C6569C2C8E3C9A0070FBCB /* MediaByCategoryParam.swift */; };
		55C6569F2C8F2A9B0070FBCB /* CustomFilterCategory.swift in Sources */ = {isa = PBXBuildFile; fileRef = 55C6569E2C8F2A9B0070FBCB /* CustomFilterCategory.swift */; };
		55C656A32C8F2F300070FBCB /* MediaDetailsView.swift in Sources */ = {isa = PBXBuildFile; fileRef = 55C656A22C8F2F300070FBCB /* MediaDetailsView.swift */; };
		55C656A52C8F2F4C0070FBCB /* MediaDetailsViewModel.swift in Sources */ = {isa = PBXBuildFile; fileRef = 55C656A42C8F2F4C0070FBCB /* MediaDetailsViewModel.swift */; };
		55C656A72C8F3AE00070FBCB /* CornerRadiusModifier.swift in Sources */ = {isa = PBXBuildFile; fileRef = 55C656A62C8F3AE00070FBCB /* CornerRadiusModifier.swift */; };
		55C656A92C8F5E280070FBCB /* SynchronizationMediator.swift in Sources */ = {isa = PBXBuildFile; fileRef = 55C656A82C8F5E280070FBCB /* SynchronizationMediator.swift */; };
		55C656AB2C8F5F410070FBCB /* NetworkMonitor.swift in Sources */ = {isa = PBXBuildFile; fileRef = 55C656AA2C8F5F410070FBCB /* NetworkMonitor.swift */; };
		55C656B02C8F64020070FBCB /* CoreDataStack.swift in Sources */ = {isa = PBXBuildFile; fileRef = 55C656AF2C8F64020070FBCB /* CoreDataStack.swift */; };
		55C656BC2C8F69650070FBCB /* MediaCoreDataRepository.swift in Sources */ = {isa = PBXBuildFile; fileRef = 55C656BB2C8F69650070FBCB /* MediaCoreDataRepository.swift */; };
/* End PBXBuildFile section */

/* Begin PBXContainerItemProxy section */
		55C6562E2C8B6EF00070FBCB /* PBXContainerItemProxy */ = {
			isa = PBXContainerItemProxy;
			containerPortal = 55C656152C8B6EEC0070FBCB /* Project object */;
			proxyType = 1;
			remoteGlobalIDString = 55C6561C2C8B6EEC0070FBCB;
			remoteInfo = instaflix;
		};
		55C656382C8B6EF00070FBCB /* PBXContainerItemProxy */ = {
			isa = PBXContainerItemProxy;
			containerPortal = 55C656152C8B6EEC0070FBCB /* Project object */;
			proxyType = 1;
			remoteGlobalIDString = 55C6561C2C8B6EEC0070FBCB;
			remoteInfo = instaflix;
		};
/* End PBXContainerItemProxy section */

/* Begin PBXFileReference section */
		554EC6352C90BF72007B2180 /* README.md */ = {isa = PBXFileReference; lastKnownFileType = net.daringfireball.markdown; path = README.md; sourceTree = "<group>"; };
		554EC6362C90C104007B2180 /* Architecture.png */ = {isa = PBXFileReference; lastKnownFileType = image.png; path = Architecture.png; sourceTree = "<group>"; };
		554EC6372C90C1F1007B2180 /* HomeViewModelTests.swift */ = {isa = PBXFileReference; lastKnownFileType = sourcecode.swift; path = HomeViewModelTests.swift; sourceTree = "<group>"; };
		554EC63A2C90C302007B2180 /* UseCasesMocks.swift */ = {isa = PBXFileReference; lastKnownFileType = sourcecode.swift; path = UseCasesMocks.swift; sourceTree = "<group>"; };
		556D914C2C8FB81700D787E5 /* HomeViewBuilder.swift */ = {isa = PBXFileReference; lastKnownFileType = sourcecode.swift; path = HomeViewBuilder.swift; sourceTree = "<group>"; };
		556D914E2C908AAF00D787E5 /* HomeViewConstans.swift */ = {isa = PBXFileReference; lastKnownFileType = sourcecode.swift; path = HomeViewConstans.swift; sourceTree = "<group>"; };
		556D91502C908D9200D787E5 /* MediaDetailsViewConstants.swift */ = {isa = PBXFileReference; lastKnownFileType = sourcecode.swift; path = MediaDetailsViewConstants.swift; sourceTree = "<group>"; };
		55822B2C2C99EDA200CC1651 /* instaflix.xcdatamodel */ = {isa = PBXFileReference; lastKnownFileType = wrapper.xcdatamodel; path = instaflix.xcdatamodel; sourceTree = "<group>"; };
		55C6561D2C8B6EEC0070FBCB /* instaflix.app */ = {isa = PBXFileReference; explicitFileType = wrapper.application; includeInIndex = 0; path = instaflix.app; sourceTree = BUILT_PRODUCTS_DIR; };
		55C656202C8B6EEC0070FBCB /* instaflixApp.swift */ = {isa = PBXFileReference; lastKnownFileType = sourcecode.swift; path = instaflixApp.swift; sourceTree = "<group>"; };
		55C656222C8B6EEC0070FBCB /* ContentView.swift */ = {isa = PBXFileReference; lastKnownFileType = sourcecode.swift; path = ContentView.swift; sourceTree = "<group>"; };
		55C656242C8B6EEF0070FBCB /* Assets.xcassets */ = {isa = PBXFileReference; lastKnownFileType = folder.assetcatalog; path = Assets.xcassets; sourceTree = "<group>"; };
		55C656272C8B6EEF0070FBCB /* Preview Assets.xcassets */ = {isa = PBXFileReference; lastKnownFileType = folder.assetcatalog; path = "Preview Assets.xcassets"; sourceTree = "<group>"; };
		55C6562D2C8B6EF00070FBCB /* instaflixTests.xctest */ = {isa = PBXFileReference; explicitFileType = wrapper.cfbundle; includeInIndex = 0; path = instaflixTests.xctest; sourceTree = BUILT_PRODUCTS_DIR; };
		55C656312C8B6EF00070FBCB /* instaflixTests.swift */ = {isa = PBXFileReference; lastKnownFileType = sourcecode.swift; path = instaflixTests.swift; sourceTree = "<group>"; };
		55C656372C8B6EF00070FBCB /* instaflixUITests.xctest */ = {isa = PBXFileReference; explicitFileType = wrapper.cfbundle; includeInIndex = 0; path = instaflixUITests.xctest; sourceTree = BUILT_PRODUCTS_DIR; };
		55C6563B2C8B6EF00070FBCB /* instaflixUITests.swift */ = {isa = PBXFileReference; lastKnownFileType = sourcecode.swift; path = instaflixUITests.swift; sourceTree = "<group>"; };
		55C6563D2C8B6EF00070FBCB /* instaflixUITestsLaunchTests.swift */ = {isa = PBXFileReference; lastKnownFileType = sourcecode.swift; path = instaflixUITestsLaunchTests.swift; sourceTree = "<group>"; };
		55C6564F2C8B75590070FBCB /* InfoPropertyList.swift */ = {isa = PBXFileReference; lastKnownFileType = sourcecode.swift; path = InfoPropertyList.swift; sourceTree = "<group>"; };
		55C656522C8BB7680070FBCB /* TabWithIconOption.swift */ = {isa = PBXFileReference; lastKnownFileType = sourcecode.swift; path = TabWithIconOption.swift; sourceTree = "<group>"; };
		55C656592C8BBAEB0070FBCB /* HomeView.swift */ = {isa = PBXFileReference; lastKnownFileType = sourcecode.swift; path = HomeView.swift; sourceTree = "<group>"; };
		55C6565B2C8BD94D0070FBCB /* HomeViewModel.swift */ = {isa = PBXFileReference; lastKnownFileType = sourcecode.swift; path = HomeViewModel.swift; sourceTree = "<group>"; };
		55C6565E2C8BD9F90070FBCB /* FindGenreUseCase.swift */ = {isa = PBXFileReference; lastKnownFileType = sourcecode.swift; path = FindGenreUseCase.swift; sourceTree = "<group>"; };
		55C656602C8BDB5B0070FBCB /* MoviesRepository.swift */ = {isa = PBXFileReference; lastKnownFileType = sourcecode.swift; path = MoviesRepository.swift; sourceTree = "<group>"; };
		55C6566A2C8CFA0F0070FBCB /* Services.swift */ = {isa = PBXFileReference; lastKnownFileType = sourcecode.swift; path = Services.swift; sourceTree = "<group>"; };
		55C6566C2C8D14FB0070FBCB /* NetworkError.swift */ = {isa = PBXFileReference; lastKnownFileType = sourcecode.swift; path = NetworkError.swift; sourceTree = "<group>"; };
		55C6566E2C8D22B50070FBCB /* MediaEndpoint.swift */ = {isa = PBXFileReference; lastKnownFileType = sourcecode.swift; path = MediaEndpoint.swift; sourceTree = "<group>"; };
		55C656702C8D25370070FBCB /* Config.swift */ = {isa = PBXFileReference; lastKnownFileType = sourcecode.swift; path = Config.swift; sourceTree = "<group>"; };
		55C656732C8D29260070FBCB /* Media.swift */ = {isa = PBXFileReference; lastKnownFileType = sourcecode.swift; path = Media.swift; sourceTree = "<group>"; };
		55C656752C8D294F0070FBCB /* GenreListDTO.swift */ = {isa = PBXFileReference; lastKnownFileType = sourcecode.swift; path = GenreListDTO.swift; sourceTree = "<group>"; };
		55C656772C8D31D30070FBCB /* Encodable+Extensions.swift */ = {isa = PBXFileReference; lastKnownFileType = sourcecode.swift; path = "Encodable+Extensions.swift"; sourceTree = "<group>"; };
		55C656792C8D33FA0070FBCB /* MediaWithGenreParam.swift */ = {isa = PBXFileReference; lastKnownFileType = sourcecode.swift; path = MediaWithGenreParam.swift; sourceTree = "<group>"; };
		55C6567B2C8D41D70070FBCB /* MovieDTO.swift */ = {isa = PBXFileReference; lastKnownFileType = sourcecode.swift; path = MovieDTO.swift; sourceTree = "<group>"; };
		55C6567D2C8D45A80070FBCB /* Mapper.swift */ = {isa = PBXFileReference; lastKnownFileType = sourcecode.swift; path = Mapper.swift; sourceTree = "<group>"; };
		55C6567F2C8D45D70070FBCB /* MovieDomainMapper.swift */ = {isa = PBXFileReference; lastKnownFileType = sourcecode.swift; path = MovieDomainMapper.swift; sourceTree = "<group>"; };
		55C656822C8DEF980070FBCB /* EndpointBase.swift */ = {isa = PBXFileReference; lastKnownFileType = sourcecode.swift; path = EndpointBase.swift; sourceTree = "<group>"; };
		55C656842C8DEFC80070FBCB /* TokenInterceptor.swift */ = {isa = PBXFileReference; lastKnownFileType = sourcecode.swift; path = TokenInterceptor.swift; sourceTree = "<group>"; };
		55C656862C8DF0250070FBCB /* AuthenticationCredential.swift */ = {isa = PBXFileReference; lastKnownFileType = sourcecode.swift; path = AuthenticationCredential.swift; sourceTree = "<group>"; };
		55C656882C8DF0AA0070FBCB /* ServicesProcol.swift */ = {isa = PBXFileReference; lastKnownFileType = sourcecode.swift; path = ServicesProcol.swift; sourceTree = "<group>"; };
		55C6568B2C8DF3B10070FBCB /* MediaRepositoryMock.swift */ = {isa = PBXFileReference; lastKnownFileType = sourcecode.swift; path = MediaRepositoryMock.swift; sourceTree = "<group>"; };
		55C6568F2C8DF7880070FBCB /* MoviesRestRepository.swift */ = {isa = PBXFileReference; lastKnownFileType = sourcecode.swift; path = MoviesRestRepository.swift; sourceTree = "<group>"; };
		55C656922C8E04F80070FBCB /* CacheAsyncImage.swift */ = {isa = PBXFileReference; lastKnownFileType = sourcecode.swift; path = CacheAsyncImage.swift; sourceTree = "<group>"; };
		55C656942C8E25DA0070FBCB /* SeriesRestRepository.swift */ = {isa = PBXFileReference; lastKnownFileType = sourcecode.swift; path = SeriesRestRepository.swift; sourceTree = "<group>"; };
		55C656962C8E2F6B0070FBCB /* SerieDTO.swift */ = {isa = PBXFileReference; lastKnownFileType = sourcecode.swift; path = SerieDTO.swift; sourceTree = "<group>"; };
		55C656982C8E300D0070FBCB /* SerieDomainMapper.swift */ = {isa = PBXFileReference; lastKnownFileType = sourcecode.swift; path = SerieDomainMapper.swift; sourceTree = "<group>"; };
		55C6569A2C8E3AF10070FBCB /* FindByFilterContentUseCase.swift */ = {isa = PBXFileReference; lastKnownFileType = sourcecode.swift; path = FindByFilterContentUseCase.swift; sourceTree = "<group>"; };
		55C6569C2C8E3C9A0070FBCB /* MediaByCategoryParam.swift */ = {isa = PBXFileReference; lastKnownFileType = sourcecode.swift; path = MediaByCategoryParam.swift; sourceTree = "<group>"; };
		55C6569E2C8F2A9B0070FBCB /* CustomFilterCategory.swift */ = {isa = PBXFileReference; lastKnownFileType = sourcecode.swift; path = CustomFilterCategory.swift; sourceTree = "<group>"; };
		55C656A22C8F2F300070FBCB /* MediaDetailsView.swift */ = {isa = PBXFileReference; lastKnownFileType = sourcecode.swift; path = MediaDetailsView.swift; sourceTree = "<group>"; };
		55C656A42C8F2F4C0070FBCB /* MediaDetailsViewModel.swift */ = {isa = PBXFileReference; lastKnownFileType = sourcecode.swift; path = MediaDetailsViewModel.swift; sourceTree = "<group>"; };
		55C656A62C8F3AE00070FBCB /* CornerRadiusModifier.swift */ = {isa = PBXFileReference; lastKnownFileType = sourcecode.swift; path = CornerRadiusModifier.swift; sourceTree = "<group>"; };
		55C656A82C8F5E280070FBCB /* SynchronizationMediator.swift */ = {isa = PBXFileReference; lastKnownFileType = sourcecode.swift; path = SynchronizationMediator.swift; sourceTree = "<group>"; };
		55C656AA2C8F5F410070FBCB /* NetworkMonitor.swift */ = {isa = PBXFileReference; lastKnownFileType = sourcecode.swift; path = NetworkMonitor.swift; sourceTree = "<group>"; };
		55C656AF2C8F64020070FBCB /* CoreDataStack.swift */ = {isa = PBXFileReference; lastKnownFileType = sourcecode.swift; path = CoreDataStack.swift; sourceTree = "<group>"; };
		55C656BB2C8F69650070FBCB /* MediaCoreDataRepository.swift */ = {isa = PBXFileReference; lastKnownFileType = sourcecode.swift; path = MediaCoreDataRepository.swift; sourceTree = "<group>"; };
/* End PBXFileReference section */

/* Begin PBXFrameworksBuildPhase section */
		55C6561A2C8B6EEC0070FBCB /* Frameworks */ = {
			isa = PBXFrameworksBuildPhase;
			buildActionMask = 2147483647;
			files = (
				55C656642C8CF1B20070FBCB /* Alamofire in Frameworks */,
				55C656692C8CF1F50070FBCB /* AlamofireImage in Frameworks */,
			);
			runOnlyForDeploymentPostprocessing = 0;
		};
		55C6562A2C8B6EF00070FBCB /* Frameworks */ = {
			isa = PBXFrameworksBuildPhase;
			buildActionMask = 2147483647;
			files = (
			);
			runOnlyForDeploymentPostprocessing = 0;
		};
		55C656342C8B6EF00070FBCB /* Frameworks */ = {
			isa = PBXFrameworksBuildPhase;
			buildActionMask = 2147483647;
			files = (
			);
			runOnlyForDeploymentPostprocessing = 0;
		};
/* End PBXFrameworksBuildPhase section */

/* Begin PBXGroup section */
		554EC6392C90C2D6007B2180 /* Stubs */ = {
			isa = PBXGroup;
			children = (
				554EC63A2C90C302007B2180 /* UseCasesMocks.swift */,
			);
			path = Stubs;
			sourceTree = "<group>";
		};
		55C656142C8B6EEC0070FBCB = {
			isa = PBXGroup;
			children = (
				554EC6362C90C104007B2180 /* Architecture.png */,
				554EC6352C90BF72007B2180 /* README.md */,
				55C6561F2C8B6EEC0070FBCB /* instaflix */,
				55C656302C8B6EF00070FBCB /* instaflixTests */,
				55C6563A2C8B6EF00070FBCB /* instaflixUITests */,
				55C6561E2C8B6EEC0070FBCB /* Products */,
			);
			sourceTree = "<group>";
		};
		55C6561E2C8B6EEC0070FBCB /* Products */ = {
			isa = PBXGroup;
			children = (
				55C6561D2C8B6EEC0070FBCB /* instaflix.app */,
				55C6562D2C8B6EF00070FBCB /* instaflixTests.xctest */,
				55C656372C8B6EF00070FBCB /* instaflixUITests.xctest */,
			);
			name = Products;
			sourceTree = "<group>";
		};
		55C6561F2C8B6EEC0070FBCB /* instaflix */ = {
			isa = PBXGroup;
			children = (
				55822B2B2C99EDA200CC1651 /* instaflix.xcdatamodeld */,
				55C656A02C8F2F000070FBCB /* MediaDetails */,
				55C656542C8BBA860070FBCB /* Home */,
				55C656512C8B9C5E0070FBCB /* ContentView */,
				55C6564E2C8B751D0070FBCB /* Common */,
				55C656202C8B6EEC0070FBCB /* instaflixApp.swift */,
				55C656242C8B6EEF0070FBCB /* Assets.xcassets */,
				55C656262C8B6EEF0070FBCB /* Preview Content */,
			);
			path = instaflix;
			sourceTree = "<group>";
		};
		55C656262C8B6EEF0070FBCB /* Preview Content */ = {
			isa = PBXGroup;
			children = (
				55C656272C8B6EEF0070FBCB /* Preview Assets.xcassets */,
			);
			path = "Preview Content";
			sourceTree = "<group>";
		};
		55C656302C8B6EF00070FBCB /* instaflixTests */ = {
			isa = PBXGroup;
			children = (
				554EC6392C90C2D6007B2180 /* Stubs */,
				55C656312C8B6EF00070FBCB /* instaflixTests.swift */,
				554EC6372C90C1F1007B2180 /* HomeViewModelTests.swift */,
			);
			path = instaflixTests;
			sourceTree = "<group>";
		};
		55C6563A2C8B6EF00070FBCB /* instaflixUITests */ = {
			isa = PBXGroup;
			children = (
				55C6563B2C8B6EF00070FBCB /* instaflixUITests.swift */,
				55C6563D2C8B6EF00070FBCB /* instaflixUITestsLaunchTests.swift */,
			);
			path = instaflixUITests;
			sourceTree = "<group>";
		};
		55C6564E2C8B751D0070FBCB /* Common */ = {
			isa = PBXGroup;
			children = (
				55C656912C8E04C50070FBCB /* UI */,
				55C656812C8DEF870070FBCB /* Services */,
				55C6564F2C8B75590070FBCB /* InfoPropertyList.swift */,
				55C6566C2C8D14FB0070FBCB /* NetworkError.swift */,
				55C6566E2C8D22B50070FBCB /* MediaEndpoint.swift */,
				55C656702C8D25370070FBCB /* Config.swift */,
				55C656772C8D31D30070FBCB /* Encodable+Extensions.swift */,
				55C6567D2C8D45A80070FBCB /* Mapper.swift */,
				55C656AA2C8F5F410070FBCB /* NetworkMonitor.swift */,
				55C656AF2C8F64020070FBCB /* CoreDataStack.swift */,
			);
			path = Common;
			sourceTree = "<group>";
		};
		55C656512C8B9C5E0070FBCB /* ContentView */ = {
			isa = PBXGroup;
			children = (
				55C656222C8B6EEC0070FBCB /* ContentView.swift */,
				55C656522C8BB7680070FBCB /* TabWithIconOption.swift */,
			);
			path = ContentView;
			sourceTree = "<group>";
		};
		55C656542C8BBA860070FBCB /* Home */ = {
			isa = PBXGroup;
			children = (
				55C6568A2C8DF38D0070FBCB /* Mocks */,
				55C656722C8D26E00070FBCB /* Entities */,
				55C656572C8BBAAF0070FBCB /* Repository */,
				55C656562C8BBAA30070FBCB /* UseCases */,
				55C656552C8BBA9D0070FBCB /* UI */,
			);
			path = Home;
			sourceTree = "<group>";
		};
		55C656552C8BBA9D0070FBCB /* UI */ = {
			isa = PBXGroup;
			children = (
				55C6565B2C8BD94D0070FBCB /* HomeViewModel.swift */,
				55C656592C8BBAEB0070FBCB /* HomeView.swift */,
				556D914C2C8FB81700D787E5 /* HomeViewBuilder.swift */,
				556D914E2C908AAF00D787E5 /* HomeViewConstans.swift */,
			);
			path = UI;
			sourceTree = "<group>";
		};
		55C656562C8BBAA30070FBCB /* UseCases */ = {
			isa = PBXGroup;
			children = (
				55C6565E2C8BD9F90070FBCB /* FindGenreUseCase.swift */,
				55C6569A2C8E3AF10070FBCB /* FindByFilterContentUseCase.swift */,
				55C6569E2C8F2A9B0070FBCB /* CustomFilterCategory.swift */,
				55C656A82C8F5E280070FBCB /* SynchronizationMediator.swift */,
			);
			path = UseCases;
			sourceTree = "<group>";
		};
		55C656572C8BBAAF0070FBCB /* Repository */ = {
			isa = PBXGroup;
			children = (
				55C656BA2C8F68F90070FBCB /* CoreData */,
				55C6568E2C8DF75B0070FBCB /* APIRest */,
				55C6568D2C8DF70F0070FBCB /* DTO */,
				55C656602C8BDB5B0070FBCB /* MoviesRepository.swift */,
			);
			path = Repository;
			sourceTree = "<group>";
		};
		55C656722C8D26E00070FBCB /* Entities */ = {
			isa = PBXGroup;
			children = (
				55C656732C8D29260070FBCB /* Media.swift */,
			);
			path = Entities;
			sourceTree = "<group>";
		};
		55C656812C8DEF870070FBCB /* Services */ = {
			isa = PBXGroup;
			children = (
				55C6566A2C8CFA0F0070FBCB /* Services.swift */,
				55C656822C8DEF980070FBCB /* EndpointBase.swift */,
				55C656842C8DEFC80070FBCB /* TokenInterceptor.swift */,
				55C656862C8DF0250070FBCB /* AuthenticationCredential.swift */,
				55C656882C8DF0AA0070FBCB /* ServicesProcol.swift */,
			);
			path = Services;
			sourceTree = "<group>";
		};
		55C6568A2C8DF38D0070FBCB /* Mocks */ = {
			isa = PBXGroup;
			children = (
				55C6568B2C8DF3B10070FBCB /* MediaRepositoryMock.swift */,
			);
			path = Mocks;
			sourceTree = "<group>";
		};
		55C6568D2C8DF70F0070FBCB /* DTO */ = {
			isa = PBXGroup;
			children = (
				55C6567F2C8D45D70070FBCB /* MovieDomainMapper.swift */,
				55C656752C8D294F0070FBCB /* GenreListDTO.swift */,
				55C6567B2C8D41D70070FBCB /* MovieDTO.swift */,
				55C656962C8E2F6B0070FBCB /* SerieDTO.swift */,
				55C656982C8E300D0070FBCB /* SerieDomainMapper.swift */,
			);
			path = DTO;
			sourceTree = "<group>";
		};
		55C6568E2C8DF75B0070FBCB /* APIRest */ = {
			isa = PBXGroup;
			children = (
				55C656792C8D33FA0070FBCB /* MediaWithGenreParam.swift */,
				55C6568F2C8DF7880070FBCB /* MoviesRestRepository.swift */,
				55C656942C8E25DA0070FBCB /* SeriesRestRepository.swift */,
				55C6569C2C8E3C9A0070FBCB /* MediaByCategoryParam.swift */,
			);
			path = APIRest;
			sourceTree = "<group>";
		};
		55C656912C8E04C50070FBCB /* UI */ = {
			isa = PBXGroup;
			children = (
				55C656922C8E04F80070FBCB /* CacheAsyncImage.swift */,
			);
			path = UI;
			sourceTree = "<group>";
		};
		55C656A02C8F2F000070FBCB /* MediaDetails */ = {
			isa = PBXGroup;
			children = (
				55C656A12C8F2F0F0070FBCB /* UI */,
			);
			path = MediaDetails;
			sourceTree = "<group>";
		};
		55C656A12C8F2F0F0070FBCB /* UI */ = {
			isa = PBXGroup;
			children = (
				55C656A22C8F2F300070FBCB /* MediaDetailsView.swift */,
				55C656A42C8F2F4C0070FBCB /* MediaDetailsViewModel.swift */,
				55C656A62C8F3AE00070FBCB /* CornerRadiusModifier.swift */,
				556D91502C908D9200D787E5 /* MediaDetailsViewConstants.swift */,
			);
			path = UI;
			sourceTree = "<group>";
		};
		55C656BA2C8F68F90070FBCB /* CoreData */ = {
			isa = PBXGroup;
			children = (
				55C656BB2C8F69650070FBCB /* MediaCoreDataRepository.swift */,
			);
			path = CoreData;
			sourceTree = "<group>";
		};
/* End PBXGroup section */

/* Begin PBXNativeTarget section */
		55C6561C2C8B6EEC0070FBCB /* instaflix */ = {
			isa = PBXNativeTarget;
			buildConfigurationList = 55C656412C8B6EF00070FBCB /* Build configuration list for PBXNativeTarget "instaflix" */;
			buildPhases = (
				55C656192C8B6EEC0070FBCB /* Sources */,
				55C6561A2C8B6EEC0070FBCB /* Frameworks */,
				55C6561B2C8B6EEC0070FBCB /* Resources */,
			);
			buildRules = (
			);
			dependencies = (
			);
			name = instaflix;
			packageProductDependencies = (
				55C656632C8CF1B20070FBCB /* Alamofire */,
				55C656682C8CF1F50070FBCB /* AlamofireImage */,
			);
			productName = instaflix;
			productReference = 55C6561D2C8B6EEC0070FBCB /* instaflix.app */;
			productType = "com.apple.product-type.application";
		};
		55C6562C2C8B6EF00070FBCB /* instaflixTests */ = {
			isa = PBXNativeTarget;
			buildConfigurationList = 55C656442C8B6EF00070FBCB /* Build configuration list for PBXNativeTarget "instaflixTests" */;
			buildPhases = (
				55C656292C8B6EF00070FBCB /* Sources */,
				55C6562A2C8B6EF00070FBCB /* Frameworks */,
				55C6562B2C8B6EF00070FBCB /* Resources */,
			);
			buildRules = (
			);
			dependencies = (
				55C6562F2C8B6EF00070FBCB /* PBXTargetDependency */,
			);
			name = instaflixTests;
			productName = instaflixTests;
			productReference = 55C6562D2C8B6EF00070FBCB /* instaflixTests.xctest */;
			productType = "com.apple.product-type.bundle.unit-test";
		};
		55C656362C8B6EF00070FBCB /* instaflixUITests */ = {
			isa = PBXNativeTarget;
			buildConfigurationList = 55C656472C8B6EF00070FBCB /* Build configuration list for PBXNativeTarget "instaflixUITests" */;
			buildPhases = (
				55C656332C8B6EF00070FBCB /* Sources */,
				55C656342C8B6EF00070FBCB /* Frameworks */,
				55C656352C8B6EF00070FBCB /* Resources */,
			);
			buildRules = (
			);
			dependencies = (
				55C656392C8B6EF00070FBCB /* PBXTargetDependency */,
			);
			name = instaflixUITests;
			productName = instaflixUITests;
			productReference = 55C656372C8B6EF00070FBCB /* instaflixUITests.xctest */;
			productType = "com.apple.product-type.bundle.ui-testing";
		};
/* End PBXNativeTarget section */

/* Begin PBXProject section */
		55C656152C8B6EEC0070FBCB /* Project object */ = {
			isa = PBXProject;
			attributes = {
				BuildIndependentTargetsInParallel = 1;
				LastSwiftUpdateCheck = 1540;
				LastUpgradeCheck = 1540;
				TargetAttributes = {
					55C6561C2C8B6EEC0070FBCB = {
						CreatedOnToolsVersion = 15.4;
					};
					55C6562C2C8B6EF00070FBCB = {
						CreatedOnToolsVersion = 15.4;
						TestTargetID = 55C6561C2C8B6EEC0070FBCB;
					};
					55C656362C8B6EF00070FBCB = {
						CreatedOnToolsVersion = 15.4;
						TestTargetID = 55C6561C2C8B6EEC0070FBCB;
					};
				};
			};
			buildConfigurationList = 55C656182C8B6EEC0070FBCB /* Build configuration list for PBXProject "instaflix" */;
			compatibilityVersion = "Xcode 14.0";
			developmentRegion = en;
			hasScannedForEncodings = 0;
			knownRegions = (
				en,
				Base,
			);
			mainGroup = 55C656142C8B6EEC0070FBCB;
			packageReferences = (
				55C656622C8CF1B20070FBCB /* XCRemoteSwiftPackageReference "Alamofire" */,
				55C656672C8CF1F50070FBCB /* XCRemoteSwiftPackageReference "AlamofireImage" */,
			);
			productRefGroup = 55C6561E2C8B6EEC0070FBCB /* Products */;
			projectDirPath = "";
			projectRoot = "";
			targets = (
				55C6561C2C8B6EEC0070FBCB /* instaflix */,
				55C6562C2C8B6EF00070FBCB /* instaflixTests */,
				55C656362C8B6EF00070FBCB /* instaflixUITests */,
			);
		};
/* End PBXProject section */

/* Begin PBXResourcesBuildPhase section */
		55C6561B2C8B6EEC0070FBCB /* Resources */ = {
			isa = PBXResourcesBuildPhase;
			buildActionMask = 2147483647;
			files = (
				55C656282C8B6EEF0070FBCB /* Preview Assets.xcassets in Resources */,
				55C656252C8B6EEF0070FBCB /* Assets.xcassets in Resources */,
			);
			runOnlyForDeploymentPostprocessing = 0;
		};
		55C6562B2C8B6EF00070FBCB /* Resources */ = {
			isa = PBXResourcesBuildPhase;
			buildActionMask = 2147483647;
			files = (
			);
			runOnlyForDeploymentPostprocessing = 0;
		};
		55C656352C8B6EF00070FBCB /* Resources */ = {
			isa = PBXResourcesBuildPhase;
			buildActionMask = 2147483647;
			files = (
			);
			runOnlyForDeploymentPostprocessing = 0;
		};
/* End PBXResourcesBuildPhase section */

/* Begin PBXSourcesBuildPhase section */
		55C656192C8B6EEC0070FBCB /* Sources */ = {
			isa = PBXSourcesBuildPhase;
			buildActionMask = 2147483647;
			files = (
				55C656232C8B6EEC0070FBCB /* ContentView.swift in Sources */,
				55C656AB2C8F5F410070FBCB /* NetworkMonitor.swift in Sources */,
				556D914F2C908AAF00D787E5 /* HomeViewConstans.swift in Sources */,
				55C6565C2C8BD94D0070FBCB /* HomeViewModel.swift in Sources */,
				55C6567A2C8D33FA0070FBCB /* MediaWithGenreParam.swift in Sources */,
				55C656212C8B6EEC0070FBCB /* instaflixApp.swift in Sources */,
				55C656802C8D45D70070FBCB /* MovieDomainMapper.swift in Sources */,
				55C656B02C8F64020070FBCB /* CoreDataStack.swift in Sources */,
				55C6567E2C8D45A80070FBCB /* Mapper.swift in Sources */,
				55C6568C2C8DF3B10070FBCB /* MediaRepositoryMock.swift in Sources */,
				55C656502C8B75590070FBCB /* InfoPropertyList.swift in Sources */,
				55C656972C8E2F6B0070FBCB /* SerieDTO.swift in Sources */,
				55C656BC2C8F69650070FBCB /* MediaCoreDataRepository.swift in Sources */,
				55C656612C8BDB5B0070FBCB /* MoviesRepository.swift in Sources */,
				55C6569D2C8E3C9A0070FBCB /* MediaByCategoryParam.swift in Sources */,
				55C656712C8D25370070FBCB /* Config.swift in Sources */,
				55C656762C8D294F0070FBCB /* GenreListDTO.swift in Sources */,
				55C656A72C8F3AE00070FBCB /* CornerRadiusModifier.swift in Sources */,
				55C656782C8D31D30070FBCB /* Encodable+Extensions.swift in Sources */,
				55C656952C8E25DA0070FBCB /* SeriesRestRepository.swift in Sources */,
				55C6569B2C8E3AF10070FBCB /* FindByFilterContentUseCase.swift in Sources */,
				55C656902C8DF7880070FBCB /* MoviesRestRepository.swift in Sources */,
				55C656892C8DF0AA0070FBCB /* ServicesProcol.swift in Sources */,
				55C6565F2C8BD9F90070FBCB /* FindGenreUseCase.swift in Sources */,
				55C6566F2C8D22B50070FBCB /* MediaEndpoint.swift in Sources */,
				55C6569F2C8F2A9B0070FBCB /* CustomFilterCategory.swift in Sources */,
				556D914D2C8FB81700D787E5 /* HomeViewBuilder.swift in Sources */,
				55C656832C8DEF980070FBCB /* EndpointBase.swift in Sources */,
				55C656A52C8F2F4C0070FBCB /* MediaDetailsViewModel.swift in Sources */,
				55C6567C2C8D41D70070FBCB /* MovieDTO.swift in Sources */,
				55C6565A2C8BBAEB0070FBCB /* HomeView.swift in Sources */,
				556D91512C908D9200D787E5 /* MediaDetailsViewConstants.swift in Sources */,
				55C656992C8E300D0070FBCB /* SerieDomainMapper.swift in Sources */,
				55C6566B2C8CFA0F0070FBCB /* Services.swift in Sources */,
				55822B2D2C99EDA200CC1651 /* instaflix.xcdatamodeld in Sources */,
				55C656A32C8F2F300070FBCB /* MediaDetailsView.swift in Sources */,
				55C656A92C8F5E280070FBCB /* SynchronizationMediator.swift in Sources */,
				55C656742C8D29260070FBCB /* Media.swift in Sources */,
				55C656532C8BB7680070FBCB /* TabWithIconOption.swift in Sources */,
				55C656852C8DEFC80070FBCB /* TokenInterceptor.swift in Sources */,
				55C656872C8DF0250070FBCB /* AuthenticationCredential.swift in Sources */,
				55C656932C8E04F80070FBCB /* CacheAsyncImage.swift in Sources */,
				55C6566D2C8D14FB0070FBCB /* NetworkError.swift in Sources */,
			);
			runOnlyForDeploymentPostprocessing = 0;
		};
		55C656292C8B6EF00070FBCB /* Sources */ = {
			isa = PBXSourcesBuildPhase;
			buildActionMask = 2147483647;
			files = (
				554EC63B2C90C302007B2180 /* UseCasesMocks.swift in Sources */,
				55C656322C8B6EF00070FBCB /* instaflixTests.swift in Sources */,
				554EC6382C90C1F1007B2180 /* HomeViewModelTests.swift in Sources */,
			);
			runOnlyForDeploymentPostprocessing = 0;
		};
		55C656332C8B6EF00070FBCB /* Sources */ = {
			isa = PBXSourcesBuildPhase;
			buildActionMask = 2147483647;
			files = (
				55C6563C2C8B6EF00070FBCB /* instaflixUITests.swift in Sources */,
				55C6563E2C8B6EF00070FBCB /* instaflixUITestsLaunchTests.swift in Sources */,
			);
			runOnlyForDeploymentPostprocessing = 0;
		};
/* End PBXSourcesBuildPhase section */

/* Begin PBXTargetDependency section */
		55C6562F2C8B6EF00070FBCB /* PBXTargetDependency */ = {
			isa = PBXTargetDependency;
			target = 55C6561C2C8B6EEC0070FBCB /* instaflix */;
			targetProxy = 55C6562E2C8B6EF00070FBCB /* PBXContainerItemProxy */;
		};
		55C656392C8B6EF00070FBCB /* PBXTargetDependency */ = {
			isa = PBXTargetDependency;
			target = 55C6561C2C8B6EEC0070FBCB /* instaflix */;
			targetProxy = 55C656382C8B6EF00070FBCB /* PBXContainerItemProxy */;
		};
/* End PBXTargetDependency section */

/* Begin XCBuildConfiguration section */
		55C6563F2C8B6EF00070FBCB /* Debug */ = {
			isa = XCBuildConfiguration;
			buildSettings = {
				ALWAYS_SEARCH_USER_PATHS = NO;
				ASSETCATALOG_COMPILER_GENERATE_SWIFT_ASSET_SYMBOL_EXTENSIONS = YES;
				CLANG_ANALYZER_NONNULL = YES;
				CLANG_ANALYZER_NUMBER_OBJECT_CONVERSION = YES_AGGRESSIVE;
				CLANG_CXX_LANGUAGE_STANDARD = "gnu++20";
				CLANG_ENABLE_MODULES = YES;
				CLANG_ENABLE_OBJC_ARC = YES;
				CLANG_ENABLE_OBJC_WEAK = YES;
				CLANG_WARN_BLOCK_CAPTURE_AUTORELEASING = YES;
				CLANG_WARN_BOOL_CONVERSION = YES;
				CLANG_WARN_COMMA = YES;
				CLANG_WARN_CONSTANT_CONVERSION = YES;
				CLANG_WARN_DEPRECATED_OBJC_IMPLEMENTATIONS = YES;
				CLANG_WARN_DIRECT_OBJC_ISA_USAGE = YES_ERROR;
				CLANG_WARN_DOCUMENTATION_COMMENTS = YES;
				CLANG_WARN_EMPTY_BODY = YES;
				CLANG_WARN_ENUM_CONVERSION = YES;
				CLANG_WARN_INFINITE_RECURSION = YES;
				CLANG_WARN_INT_CONVERSION = YES;
				CLANG_WARN_NON_LITERAL_NULL_CONVERSION = YES;
				CLANG_WARN_OBJC_IMPLICIT_RETAIN_SELF = YES;
				CLANG_WARN_OBJC_LITERAL_CONVERSION = YES;
				CLANG_WARN_OBJC_ROOT_CLASS = YES_ERROR;
				CLANG_WARN_QUOTED_INCLUDE_IN_FRAMEWORK_HEADER = YES;
				CLANG_WARN_RANGE_LOOP_ANALYSIS = YES;
				CLANG_WARN_STRICT_PROTOTYPES = YES;
				CLANG_WARN_SUSPICIOUS_MOVE = YES;
				CLANG_WARN_UNGUARDED_AVAILABILITY = YES_AGGRESSIVE;
				CLANG_WARN_UNREACHABLE_CODE = YES;
				CLANG_WARN__DUPLICATE_METHOD_MATCH = YES;
				COPY_PHASE_STRIP = NO;
				DEBUG_INFORMATION_FORMAT = dwarf;
				ENABLE_STRICT_OBJC_MSGSEND = YES;
				ENABLE_TESTABILITY = YES;
				ENABLE_USER_SCRIPT_SANDBOXING = YES;
				GCC_C_LANGUAGE_STANDARD = gnu17;
				GCC_DYNAMIC_NO_PIC = NO;
				GCC_NO_COMMON_BLOCKS = YES;
				GCC_OPTIMIZATION_LEVEL = 0;
				GCC_PREPROCESSOR_DEFINITIONS = (
					"DEBUG=1",
					"$(inherited)",
				);
				GCC_WARN_64_TO_32_BIT_CONVERSION = YES;
				GCC_WARN_ABOUT_RETURN_TYPE = YES_ERROR;
				GCC_WARN_UNDECLARED_SELECTOR = YES;
				GCC_WARN_UNINITIALIZED_AUTOS = YES_AGGRESSIVE;
				GCC_WARN_UNUSED_FUNCTION = YES;
				GCC_WARN_UNUSED_VARIABLE = YES;
				IPHONEOS_DEPLOYMENT_TARGET = 17.5;
				LOCALIZATION_PREFERS_STRING_CATALOGS = YES;
				MTL_ENABLE_DEBUG_INFO = INCLUDE_SOURCE;
				MTL_FAST_MATH = YES;
				ONLY_ACTIVE_ARCH = YES;
				SDKROOT = iphoneos;
				SWIFT_ACTIVE_COMPILATION_CONDITIONS = "DEBUG $(inherited)";
				SWIFT_OPTIMIZATION_LEVEL = "-Onone";
			};
			name = Debug;
		};
		55C656402C8B6EF00070FBCB /* Release */ = {
			isa = XCBuildConfiguration;
			buildSettings = {
				ALWAYS_SEARCH_USER_PATHS = NO;
				ASSETCATALOG_COMPILER_GENERATE_SWIFT_ASSET_SYMBOL_EXTENSIONS = YES;
				CLANG_ANALYZER_NONNULL = YES;
				CLANG_ANALYZER_NUMBER_OBJECT_CONVERSION = YES_AGGRESSIVE;
				CLANG_CXX_LANGUAGE_STANDARD = "gnu++20";
				CLANG_ENABLE_MODULES = YES;
				CLANG_ENABLE_OBJC_ARC = YES;
				CLANG_ENABLE_OBJC_WEAK = YES;
				CLANG_WARN_BLOCK_CAPTURE_AUTORELEASING = YES;
				CLANG_WARN_BOOL_CONVERSION = YES;
				CLANG_WARN_COMMA = YES;
				CLANG_WARN_CONSTANT_CONVERSION = YES;
				CLANG_WARN_DEPRECATED_OBJC_IMPLEMENTATIONS = YES;
				CLANG_WARN_DIRECT_OBJC_ISA_USAGE = YES_ERROR;
				CLANG_WARN_DOCUMENTATION_COMMENTS = YES;
				CLANG_WARN_EMPTY_BODY = YES;
				CLANG_WARN_ENUM_CONVERSION = YES;
				CLANG_WARN_INFINITE_RECURSION = YES;
				CLANG_WARN_INT_CONVERSION = YES;
				CLANG_WARN_NON_LITERAL_NULL_CONVERSION = YES;
				CLANG_WARN_OBJC_IMPLICIT_RETAIN_SELF = YES;
				CLANG_WARN_OBJC_LITERAL_CONVERSION = YES;
				CLANG_WARN_OBJC_ROOT_CLASS = YES_ERROR;
				CLANG_WARN_QUOTED_INCLUDE_IN_FRAMEWORK_HEADER = YES;
				CLANG_WARN_RANGE_LOOP_ANALYSIS = YES;
				CLANG_WARN_STRICT_PROTOTYPES = YES;
				CLANG_WARN_SUSPICIOUS_MOVE = YES;
				CLANG_WARN_UNGUARDED_AVAILABILITY = YES_AGGRESSIVE;
				CLANG_WARN_UNREACHABLE_CODE = YES;
				CLANG_WARN__DUPLICATE_METHOD_MATCH = YES;
				COPY_PHASE_STRIP = NO;
				DEBUG_INFORMATION_FORMAT = "dwarf-with-dsym";
				ENABLE_NS_ASSERTIONS = NO;
				ENABLE_STRICT_OBJC_MSGSEND = YES;
				ENABLE_USER_SCRIPT_SANDBOXING = YES;
				GCC_C_LANGUAGE_STANDARD = gnu17;
				GCC_NO_COMMON_BLOCKS = YES;
				GCC_WARN_64_TO_32_BIT_CONVERSION = YES;
				GCC_WARN_ABOUT_RETURN_TYPE = YES_ERROR;
				GCC_WARN_UNDECLARED_SELECTOR = YES;
				GCC_WARN_UNINITIALIZED_AUTOS = YES_AGGRESSIVE;
				GCC_WARN_UNUSED_FUNCTION = YES;
				GCC_WARN_UNUSED_VARIABLE = YES;
				IPHONEOS_DEPLOYMENT_TARGET = 17.5;
				LOCALIZATION_PREFERS_STRING_CATALOGS = YES;
				MTL_ENABLE_DEBUG_INFO = NO;
				MTL_FAST_MATH = YES;
				SDKROOT = iphoneos;
				SWIFT_COMPILATION_MODE = wholemodule;
				VALIDATE_PRODUCT = YES;
			};
			name = Release;
		};
		55C656422C8B6EF00070FBCB /* Debug */ = {
			isa = XCBuildConfiguration;
			buildSettings = {
				ASSETCATALOG_COMPILER_APPICON_NAME = AppIcon;
				ASSETCATALOG_COMPILER_GLOBAL_ACCENT_COLOR_NAME = AccentColor;
				CODE_SIGN_STYLE = Automatic;
				CURRENT_PROJECT_VERSION = 1;
				DEVELOPMENT_ASSET_PATHS = "\"instaflix/Preview Content\"";
				DEVELOPMENT_TEAM = CWSVJU4K48;
				ENABLE_PREVIEWS = YES;
				GENERATE_INFOPLIST_FILE = YES;
				INFOPLIST_FILE = instaflix/Info.plist;
				INFOPLIST_KEY_UIApplicationSceneManifest_Generation = YES;
				INFOPLIST_KEY_UIApplicationSupportsIndirectInputEvents = YES;
				INFOPLIST_KEY_UILaunchScreen_Generation = YES;
				INFOPLIST_KEY_UISupportedInterfaceOrientations_iPad = "UIInterfaceOrientationPortrait UIInterfaceOrientationPortraitUpsideDown UIInterfaceOrientationLandscapeLeft UIInterfaceOrientationLandscapeRight";
				INFOPLIST_KEY_UISupportedInterfaceOrientations_iPhone = "UIInterfaceOrientationPortrait UIInterfaceOrientationLandscapeLeft UIInterfaceOrientationLandscapeRight";
				LD_RUNPATH_SEARCH_PATHS = (
					"$(inherited)",
					"@executable_path/Frameworks",
				);
				MARKETING_VERSION = 1.0;
				PRODUCT_BUNDLE_IDENTIFIER = dario.instaflix;
				PRODUCT_NAME = "$(TARGET_NAME)";
				SWIFT_EMIT_LOC_STRINGS = YES;
				SWIFT_VERSION = 5.0;
				TARGETED_DEVICE_FAMILY = "1,2";
			};
			name = Debug;
		};
		55C656432C8B6EF00070FBCB /* Release */ = {
			isa = XCBuildConfiguration;
			buildSettings = {
				ASSETCATALOG_COMPILER_APPICON_NAME = AppIcon;
				ASSETCATALOG_COMPILER_GLOBAL_ACCENT_COLOR_NAME = AccentColor;
				CODE_SIGN_STYLE = Automatic;
				CURRENT_PROJECT_VERSION = 1;
				DEVELOPMENT_ASSET_PATHS = "\"instaflix/Preview Content\"";
				DEVELOPMENT_TEAM = CWSVJU4K48;
				ENABLE_PREVIEWS = YES;
				GENERATE_INFOPLIST_FILE = YES;
				INFOPLIST_FILE = instaflix/Info.plist;
				INFOPLIST_KEY_UIApplicationSceneManifest_Generation = YES;
				INFOPLIST_KEY_UIApplicationSupportsIndirectInputEvents = YES;
				INFOPLIST_KEY_UILaunchScreen_Generation = YES;
				INFOPLIST_KEY_UISupportedInterfaceOrientations_iPad = "UIInterfaceOrientationPortrait UIInterfaceOrientationPortraitUpsideDown UIInterfaceOrientationLandscapeLeft UIInterfaceOrientationLandscapeRight";
				INFOPLIST_KEY_UISupportedInterfaceOrientations_iPhone = "UIInterfaceOrientationPortrait UIInterfaceOrientationLandscapeLeft UIInterfaceOrientationLandscapeRight";
				LD_RUNPATH_SEARCH_PATHS = (
					"$(inherited)",
					"@executable_path/Frameworks",
				);
				MARKETING_VERSION = 1.0;
				PRODUCT_BUNDLE_IDENTIFIER = dario.instaflix;
				PRODUCT_NAME = "$(TARGET_NAME)";
				SWIFT_EMIT_LOC_STRINGS = YES;
				SWIFT_VERSION = 5.0;
				TARGETED_DEVICE_FAMILY = "1,2";
			};
			name = Release;
		};
		55C656452C8B6EF00070FBCB /* Debug */ = {
			isa = XCBuildConfiguration;
			buildSettings = {
				ALWAYS_EMBED_SWIFT_STANDARD_LIBRARIES = YES;
				BUNDLE_LOADER = "$(TEST_HOST)";
				CODE_SIGN_STYLE = Automatic;
				CURRENT_PROJECT_VERSION = 1;
				DEVELOPMENT_TEAM = CWSVJU4K48;
				GENERATE_INFOPLIST_FILE = YES;
				IPHONEOS_DEPLOYMENT_TARGET = 17.5;
				MARKETING_VERSION = 1.0;
				PRODUCT_BUNDLE_IDENTIFIER = dario.instaflixTests;
				PRODUCT_NAME = "$(TARGET_NAME)";
				SWIFT_EMIT_LOC_STRINGS = NO;
				SWIFT_VERSION = 5.0;
				TARGETED_DEVICE_FAMILY = "1,2";
				TEST_HOST = "$(BUILT_PRODUCTS_DIR)/instaflix.app/$(BUNDLE_EXECUTABLE_FOLDER_PATH)/instaflix";
			};
			name = Debug;
		};
		55C656462C8B6EF00070FBCB /* Release */ = {
			isa = XCBuildConfiguration;
			buildSettings = {
				ALWAYS_EMBED_SWIFT_STANDARD_LIBRARIES = YES;
				BUNDLE_LOADER = "$(TEST_HOST)";
				CODE_SIGN_STYLE = Automatic;
				CURRENT_PROJECT_VERSION = 1;
				DEVELOPMENT_TEAM = CWSVJU4K48;
				GENERATE_INFOPLIST_FILE = YES;
				IPHONEOS_DEPLOYMENT_TARGET = 17.5;
				MARKETING_VERSION = 1.0;
				PRODUCT_BUNDLE_IDENTIFIER = dario.instaflixTests;
				PRODUCT_NAME = "$(TARGET_NAME)";
				SWIFT_EMIT_LOC_STRINGS = NO;
				SWIFT_VERSION = 5.0;
				TARGETED_DEVICE_FAMILY = "1,2";
				TEST_HOST = "$(BUILT_PRODUCTS_DIR)/instaflix.app/$(BUNDLE_EXECUTABLE_FOLDER_PATH)/instaflix";
			};
			name = Release;
		};
		55C656482C8B6EF00070FBCB /* Debug */ = {
			isa = XCBuildConfiguration;
			buildSettings = {
				ALWAYS_EMBED_SWIFT_STANDARD_LIBRARIES = YES;
				CODE_SIGN_STYLE = Automatic;
				CURRENT_PROJECT_VERSION = 1;
				DEVELOPMENT_TEAM = CWSVJU4K48;
				GENERATE_INFOPLIST_FILE = YES;
				MARKETING_VERSION = 1.0;
				PRODUCT_BUNDLE_IDENTIFIER = dario.instaflixUITests;
				PRODUCT_NAME = "$(TARGET_NAME)";
				SWIFT_EMIT_LOC_STRINGS = NO;
				SWIFT_VERSION = 5.0;
				TARGETED_DEVICE_FAMILY = "1,2";
				TEST_TARGET_NAME = instaflix;
			};
			name = Debug;
		};
		55C656492C8B6EF00070FBCB /* Release */ = {
			isa = XCBuildConfiguration;
			buildSettings = {
				ALWAYS_EMBED_SWIFT_STANDARD_LIBRARIES = YES;
				CODE_SIGN_STYLE = Automatic;
				CURRENT_PROJECT_VERSION = 1;
				DEVELOPMENT_TEAM = CWSVJU4K48;
				GENERATE_INFOPLIST_FILE = YES;
				MARKETING_VERSION = 1.0;
				PRODUCT_BUNDLE_IDENTIFIER = dario.instaflixUITests;
				PRODUCT_NAME = "$(TARGET_NAME)";
				SWIFT_EMIT_LOC_STRINGS = NO;
				SWIFT_VERSION = 5.0;
				TARGETED_DEVICE_FAMILY = "1,2";
				TEST_TARGET_NAME = instaflix;
			};
			name = Release;
		};
/* End XCBuildConfiguration section */

/* Begin XCConfigurationList section */
		55C656182C8B6EEC0070FBCB /* Build configuration list for PBXProject "instaflix" */ = {
			isa = XCConfigurationList;
			buildConfigurations = (
				55C6563F2C8B6EF00070FBCB /* Debug */,
				55C656402C8B6EF00070FBCB /* Release */,
			);
			defaultConfigurationIsVisible = 0;
			defaultConfigurationName = Release;
		};
		55C656412C8B6EF00070FBCB /* Build configuration list for PBXNativeTarget "instaflix" */ = {
			isa = XCConfigurationList;
			buildConfigurations = (
				55C656422C8B6EF00070FBCB /* Debug */,
				55C656432C8B6EF00070FBCB /* Release */,
			);
			defaultConfigurationIsVisible = 0;
			defaultConfigurationName = Release;
		};
		55C656442C8B6EF00070FBCB /* Build configuration list for PBXNativeTarget "instaflixTests" */ = {
			isa = XCConfigurationList;
			buildConfigurations = (
				55C656452C8B6EF00070FBCB /* Debug */,
				55C656462C8B6EF00070FBCB /* Release */,
			);
			defaultConfigurationIsVisible = 0;
			defaultConfigurationName = Release;
		};
		55C656472C8B6EF00070FBCB /* Build configuration list for PBXNativeTarget "instaflixUITests" */ = {
			isa = XCConfigurationList;
			buildConfigurations = (
				55C656482C8B6EF00070FBCB /* Debug */,
				55C656492C8B6EF00070FBCB /* Release */,
			);
			defaultConfigurationIsVisible = 0;
			defaultConfigurationName = Release;
		};
/* End XCConfigurationList section */

/* Begin XCRemoteSwiftPackageReference section */
		55C656622C8CF1B20070FBCB /* XCRemoteSwiftPackageReference "Alamofire" */ = {
			isa = XCRemoteSwiftPackageReference;
			repositoryURL = "https://github.com/Alamofire/Alamofire";
			requirement = {
				kind = upToNextMajorVersion;
				minimumVersion = 5.9.1;
			};
		};
		55C656672C8CF1F50070FBCB /* XCRemoteSwiftPackageReference "AlamofireImage" */ = {
			isa = XCRemoteSwiftPackageReference;
			repositoryURL = "https://github.com/Alamofire/AlamofireImage";
			requirement = {
				kind = upToNextMajorVersion;
				minimumVersion = 4.3.0;
			};
		};
/* End XCRemoteSwiftPackageReference section */

/* Begin XCSwiftPackageProductDependency section */
		55C656632C8CF1B20070FBCB /* Alamofire */ = {
			isa = XCSwiftPackageProductDependency;
			package = 55C656622C8CF1B20070FBCB /* XCRemoteSwiftPackageReference "Alamofire" */;
			productName = Alamofire;
		};
		55C656682C8CF1F50070FBCB /* AlamofireImage */ = {
			isa = XCSwiftPackageProductDependency;
			package = 55C656672C8CF1F50070FBCB /* XCRemoteSwiftPackageReference "AlamofireImage" */;
			productName = AlamofireImage;
		};
/* End XCSwiftPackageProductDependency section */

/* Begin XCVersionGroup section */
		55822B2B2C99EDA200CC1651 /* instaflix.xcdatamodeld */ = {
			isa = XCVersionGroup;
			children = (
				55822B2C2C99EDA200CC1651 /* instaflix.xcdatamodel */,
			);
			currentVersion = 55822B2C2C99EDA200CC1651 /* instaflix.xcdatamodel */;
			name = instaflix.xcdatamodeld;
			path = instaflix.xcdatamodeld;
			sourceTree = "<group>";
			versionGroupType = wrapper.xcdatamodel;
		};
/* End XCVersionGroup section */
	};
	rootObject = 55C656152C8B6EEC0070FBCB /* Project object */;
}
